
Microsoft Visual Studio Solution File, Format Version 11.00
# Visual Studio 2010
Project("{FAE04EC0-301F-11D3-BF4B-00C04F79EFBC}") = "QA Test Tracker", "QA Test Tracker\QA Test Tracker.csproj", "{5F7727F8-E689-4FD2-90EE-F18CC48C53AF}"
EndProject
Global
	GlobalSection(SolutionConfigurationPlatforms) = preSolution
		Debug|Any CPU = Debug|Any CPU
		Release|Any CPU = Release|Any CPU
	EndGlobalSection
	GlobalSection(ProjectConfigurationPlatforms) = postSolution
		{5F7727F8-E689-4FD2-90EE-F18CC48C53AF}.Debug|Any CPU.ActiveCfg = Debug|Any CPU
		{5F7727F8-E689-4FD2-90EE-F18CC48C53AF}.Debug|Any CPU.Build.0 = Debug|Any CPU
		{5F7727F8-E689-4FD2-90EE-F18CC48C53AF}.Release|Any CPU.ActiveCfg = Release|Any CPU
		{5F7727F8-E689-4FD2-90EE-F18CC48C53AF}.Release|Any CPU.Build.0 = Release|Any CPU
	EndGlobalSection
	GlobalSection(SolutionProperties) = preSolution
		HideSolutionNode = FALSE
	EndGlobalSection
EndGlobal
